
Microsoft Visual Studio Solution File, Format Version 12.00
# Visual Studio Version 17
VisualStudioVersion = 17.10.35013.160
MinimumVisualStudioVersion = 10.0.40219.1
Project("{FAE04EC0-301F-11D3-BF4B-00C04F79EFBC}") = "MultiShop.Catalog.Api", "MultiShop.Catalog.Api\MultiShop.Catalog.Api.csproj", "{610DDD1C-BFEB-4A81-BEE4-92190AD710C3}"
EndProject
Global
	GlobalSection(SolutionConfigurationPlatforms) = preSolution
		Debug|Any CPU = Debug|Any CPU
		Release|Any CPU = Release|Any CPU
	EndGlobalSection
	GlobalSection(ProjectConfigurationPlatforms) = postSolution
		{610DDD1C-BFEB-4A81-BEE4-92190AD710C3}.Debug|Any CPU.ActiveCfg = Debug|Any CPU
		{610DDD1C-BFEB-4A81-BEE4-92190AD710C3}.Debug|Any CPU.Build.0 = Debug|Any CPU
		{610DDD1C-BFEB-4A81-BEE4-92190AD710C3}.Release|Any CPU.ActiveCfg = Release|Any CPU
		{610DDD1C-BFEB-4A81-BEE4-92190AD710C3}.Release|Any CPU.Build.0 = Release|Any CPU
	EndGlobalSection
	GlobalSection(SolutionProperties) = preSolution
		HideSolutionNode = FALSE
	EndGlobalSection
	GlobalSection(ExtensibilityGlobals) = postSolution
		SolutionGuid = {793AC78A-F65D-4EC0-8DFF-C2CC293DD71F}
	EndGlobalSection
EndGlobal
